{
  "nodes": {
    "adios": {
      "locked": {
        "lastModified": 1782603962,
        "narHash": "sha256-dntbpwfsNhLYH9mp22b5z68xPsqjEzanSHLwvzKPumk=",
        "owner": "llakala",
        "repo": "lladios",
        "rev": "5b4ad5ecb683e4cceac265e78bc7ec8189669796",
        "type": "github"
      },
      "original": {
        "owner": "llakala",
        "repo": "lladios",
        "type": "github"
      }
    },
    "root": {
      "inputs": {
        "adios": "adios"
      }
    }
  },
  "root": "root",
  "version": 7
}
