{
  "nodes": {
    "adios": {
      "locked": {
        "lastModified": 1777209826,
        "narHash": "sha256-+PPw/Ex7IuvMYydO8Z0VPz2tG4JOQEp2+HiHKrzYQ+4=",
        "owner": "llakala",
        "repo": "adios",
        "rev": "8dd3b5db888fc9bf50101708ad3ad85e2d4a0665",
        "type": "github"
      },
      "original": {
        "owner": "llakala",
        "repo": "adios",
        "type": "github"
      }
    },
    "root": {
      "inputs": {
        "adios": "adios"
      }
    }
  },
  "root": "root",
  "version": 7
}
