{
  "nodes": {
    "adios": {
      "locked": {
        "lastModified": 1773866401,
        "narHash": "sha256-4ysYjCalnlTDPqiXn1lzkUrKSccjDIsYiB6zHb1cgaY=",
        "owner": "llakala",
        "repo": "adios",
        "rev": "8faf04c39db7a6ea4543effc433bb6d2ec320648",
        "type": "github"
      },
      "original": {
        "owner": "llakala",
        "repo": "adios",
        "type": "github"
      }
    },
    "root": {
      "inputs": {
        "adios": "adios"
      }
    }
  },
  "root": "root",
  "version": 7
}
